
Microsoft Visual Studio Solution File, Format Version 12.00
# Visual Studio Version 16
VisualStudioVersion = 16.0.29326.143
MinimumVisualStudioVersion = 15.0.26124.0
Project("{9A19103F-16F7-4668-BE54-9A1E7A4F7556}") = "PruebaTecnica.Domain", "PruebaTecnica.Domain\PruebaTecnica.Domain.csproj", "{DC0634BD-B40A-4658-B8B9-4A1E1D763D04}"
EndProject
Project("{9A19103F-16F7-4668-BE54-9A1E7A4F7556}") = "PruebaTecnica.Data", "PruebaTecnica.Data\PruebaTecnica.Data.csproj", "{49BC801E-56A2-48C0-8C5C-EF49DD394347}"
EndProject
Project("{9A19103F-16F7-4668-BE54-9A1E7A4F7556}") = "PruebaTecnica.DomainTest", "PruebaTecnica.DomainTest\PruebaTecnica.DomainTest.csproj", "{181FF410-3B40-44D8-8F97-45725D78B659}"
EndProject
Project("{FAE04EC0-301F-11D3-BF4B-00C04F79EFBC}") = "PruebaTecnica.WebUI", "PruebaTecnica.WebUI\PruebaTecnica.WebUI.csproj", "{B1F3D05E-85EC-47DE-8BD1-69D44FCA6E05}"
EndProject
Global
	GlobalSection(SolutionConfigurationPlatforms) = preSolution
		Debug|Any CPU = Debug|Any CPU
		Debug|x64 = Debug|x64
		Debug|x86 = Debug|x86
		Release|Any CPU = Release|Any CPU
		Release|x64 = Release|x64
		Release|x86 = Release|x86
	EndGlobalSection
	GlobalSection(ProjectConfigurationPlatforms) = postSolution
		{DC0634BD-B40A-4658-B8B9-4A1E1D763D04}.Debug|Any CPU.ActiveCfg = Debug|Any CPU
		{DC0634BD-B40A-4658-B8B9-4A1E1D763D04}.Debug|Any CPU.Build.0 = Debug|Any CPU
		{DC0634BD-B40A-4658-B8B9-4A1E1D763D04}.Debug|x64.ActiveCfg = Debug|Any CPU
		{DC0634BD-B40A-4658-B8B9-4A1E1D763D04}.Debug|x64.Build.0 = Debug|Any CPU
		{DC0634BD-B40A-4658-B8B9-4A1E1D763D04}.Debug|x86.ActiveCfg = Debug|Any CPU
		{DC0634BD-B40A-4658-B8B9-4A1E1D763D04}.Debug|x86.Build.0 = Debug|Any CPU
		{DC0634BD-B40A-4658-B8B9-4A1E1D763D04}.Release|Any CPU.ActiveCfg = Release|Any CPU
		{DC0634BD-B40A-4658-B8B9-4A1E1D763D04}.Release|Any CPU.Build.0 = Release|Any CPU
		{DC0634BD-B40A-4658-B8B9-4A1E1D763D04}.Release|x64.ActiveCfg = Release|Any CPU
		{DC0634BD-B40A-4658-B8B9-4A1E1D763D04}.Release|x64.Build.0 = Release|Any CPU
		{DC0634BD-B40A-4658-B8B9-4A1E1D763D04}.Release|x86.ActiveCfg = Release|Any CPU
		{DC0634BD-B40A-4658-B8B9-4A1E1D763D04}.Release|x86.Build.0 = Release|Any CPU
		{49BC801E-56A2-48C0-8C5C-EF49DD394347}.Debug|Any CPU.ActiveCfg = Debug|Any CPU
		{49BC801E-56A2-48C0-8C5C-EF49DD394347}.Debug|Any CPU.Build.0 = Debug|Any CPU
		{49BC801E-56A2-48C0-8C5C-EF49DD394347}.Debug|x64.ActiveCfg = Debug|Any CPU
		{49BC801E-56A2-48C0-8C5C-EF49DD394347}.Debug|x64.Build.0 = Debug|Any CPU
		{49BC801E-56A2-48C0-8C5C-EF49DD394347}.Debug|x86.ActiveCfg = Debug|Any CPU
		{49BC801E-56A2-48C0-8C5C-EF49DD394347}.Debug|x86.Build.0 = Debug|Any CPU
		{49BC801E-56A2-48C0-8C5C-EF49DD394347}.Release|Any CPU.ActiveCfg = Release|Any CPU
		{49BC801E-56A2-48C0-8C5C-EF49DD394347}.Release|Any CPU.Build.0 = Release|Any CPU
		{49BC801E-56A2-48C0-8C5C-EF49DD394347}.Release|x64.ActiveCfg = Release|Any CPU
		{49BC801E-56A2-48C0-8C5C-EF49DD394347}.Release|x64.Build.0 = Release|Any CPU
		{49BC801E-56A2-48C0-8C5C-EF49DD394347}.Release|x86.ActiveCfg = Release|Any CPU
		{49BC801E-56A2-48C0-8C5C-EF49DD394347}.Release|x86.Build.0 = Release|Any CPU
		{181FF410-3B40-44D8-8F97-45725D78B659}.Debug|Any CPU.ActiveCfg = Debug|Any CPU
		{181FF410-3B40-44D8-8F97-45725D78B659}.Debug|Any CPU.Build.0 = Debug|Any CPU
		{181FF410-3B40-44D8-8F97-45725D78B659}.Debug|x64.ActiveCfg = Debug|Any CPU
		{181FF410-3B40-44D8-8F97-45725D78B659}.Debug|x64.Build.0 = Debug|Any CPU
		{181FF410-3B40-44D8-8F97-45725D78B659}.Debug|x86.ActiveCfg = Debug|Any CPU
		{181FF410-3B40-44D8-8F97-45725D78B659}.Debug|x86.Build.0 = Debug|Any CPU
		{181FF410-3B40-44D8-8F97-45725D78B659}.Release|Any CPU.ActiveCfg = Release|Any CPU
		{181FF410-3B40-44D8-8F97-45725D78B659}.Release|Any CPU.Build.0 = Release|Any CPU
		{181FF410-3B40-44D8-8F97-45725D78B659}.Release|x64.ActiveCfg = Release|Any CPU
		{181FF410-3B40-44D8-8F97-45725D78B659}.Release|x64.Build.0 = Release|Any CPU
		{181FF410-3B40-44D8-8F97-45725D78B659}.Release|x86.ActiveCfg = Release|Any CPU
		{181FF410-3B40-44D8-8F97-45725D78B659}.Release|x86.Build.0 = Release|Any CPU
		{B1F3D05E-85EC-47DE-8BD1-69D44FCA6E05}.Debug|Any CPU.ActiveCfg = Debug|Any CPU
		{B1F3D05E-85EC-47DE-8BD1-69D44FCA6E05}.Debug|Any CPU.Build.0 = Debug|Any CPU
		{B1F3D05E-85EC-47DE-8BD1-69D44FCA6E05}.Debug|x64.ActiveCfg = Debug|Any CPU
		{B1F3D05E-85EC-47DE-8BD1-69D44FCA6E05}.Debug|x64.Build.0 = Debug|Any CPU
		{B1F3D05E-85EC-47DE-8BD1-69D44FCA6E05}.Debug|x86.ActiveCfg = Debug|Any CPU
		{B1F3D05E-85EC-47DE-8BD1-69D44FCA6E05}.Debug|x86.Build.0 = Debug|Any CPU
		{B1F3D05E-85EC-47DE-8BD1-69D44FCA6E05}.Release|Any CPU.ActiveCfg = Release|Any CPU
		{B1F3D05E-85EC-47DE-8BD1-69D44FCA6E05}.Release|Any CPU.Build.0 = Release|Any CPU
		{B1F3D05E-85EC-47DE-8BD1-69D44FCA6E05}.Release|x64.ActiveCfg = Release|Any CPU
		{B1F3D05E-85EC-47DE-8BD1-69D44FCA6E05}.Release|x64.Build.0 = Release|Any CPU
		{B1F3D05E-85EC-47DE-8BD1-69D44FCA6E05}.Release|x86.ActiveCfg = Release|Any CPU
		{B1F3D05E-85EC-47DE-8BD1-69D44FCA6E05}.Release|x86.Build.0 = Release|Any CPU
	EndGlobalSection
	GlobalSection(SolutionProperties) = preSolution
		HideSolutionNode = FALSE
	EndGlobalSection
	GlobalSection(ExtensibilityGlobals) = postSolution
		SolutionGuid = {EE3ED338-51E1-4F4D-9015-7D9D5F55C307}
	EndGlobalSection
EndGlobal
